# THIS IS AN AUTOGENERATED FILE. DO NOT EDIT THIS FILE DIRECTLY.
# yarn lockfile v1


"@types/node@^16.7.1":
  version "16.7.1"
  resolved "https://registry.yarnpkg.com/@types/node/-/node-16.7.1.tgz#c6b9198178da504dfca1fd0be9b2e1002f1586f0"
  integrity sha512-ncRdc45SoYJ2H4eWU9ReDfp3vtFqDYhjOsKlFFUDEn8V1Bgr2RjYal8YT5byfadWIRluhPFU6JiDOl0H6Sl87A==

just-diff@^3.1.1:
  version "3.1.1"
  resolved "https://registry.yarnpkg.com/just-diff/-/just-diff-3.1.1.tgz#d50c597c6fd4776495308c63bdee1b6839082647"
  integrity sha512-sdMWKjRq8qWZEjDcVA6llnUT8RDEBIfOiGpYFPYa9u+2c39JCsejktSP7mj5eRid5EIvTzIpQ2kDOCw1Nq9BjQ==

typescript@^4.3.5:
  version "4.3.5"
  resolved "https://registry.yarnpkg.com/typescript/-/typescript-4.3.5.tgz#4d1c37cc16e893973c45a06886b7113234f119f4"
  integrity sha512-DqQgihaQ9cUrskJo9kIyW/+g0Vxsk8cDtZ52a3NGh0YNTfpUSArXSohyUGnvbPazEPLu398C0UxmKSOrPumUzA==
